
Microsoft Visual Studio Solution File, Format Version 12.00
# Visual Studio Version 16
VisualStudioVersion = 16.0.34031.81
MinimumVisualStudioVersion = 10.0.40219.1
Project("{8BC9CEB8-8B4A-11D0-8D11-00A0C91BC942}") = "lab6.4рек", "lab6.4рек\lab6.4рек.vcxproj", "{EB045810-6657-4A63-87EC-99CE162310C1}"
EndProject
Project("{8BC9CEB8-8B4A-11D0-8D11-00A0C91BC942}") = "UnitTest6.4рек", "UnitTest6.4рек\UnitTest6.4рек.vcxproj", "{611CBB77-1F31-44E6-AADF-13FDBEF6A450}"
EndProject
Global
	GlobalSection(SolutionConfigurationPlatforms) = preSolution
		Debug|x64 = Debug|x64
		Debug|x86 = Debug|x86
		Release|x64 = Release|x64
		Release|x86 = Release|x86
	EndGlobalSection
	GlobalSection(ProjectConfigurationPlatforms) = postSolution
		{EB045810-6657-4A63-87EC-99CE162310C1}.Debug|x64.ActiveCfg = Debug|x64
		{EB045810-6657-4A63-87EC-99CE162310C1}.Debug|x64.Build.0 = Debug|x64
		{EB045810-6657-4A63-87EC-99CE162310C1}.Debug|x86.ActiveCfg = Debug|Win32
		{EB045810-6657-4A63-87EC-99CE162310C1}.Debug|x86.Build.0 = Debug|Win32
		{EB045810-6657-4A63-87EC-99CE162310C1}.Release|x64.ActiveCfg = Release|x64
		{EB045810-6657-4A63-87EC-99CE162310C1}.Release|x64.Build.0 = Release|x64
		{EB045810-6657-4A63-87EC-99CE162310C1}.Release|x86.ActiveCfg = Release|Win32
		{EB045810-6657-4A63-87EC-99CE162310C1}.Release|x86.Build.0 = Release|Win32
		{611CBB77-1F31-44E6-AADF-13FDBEF6A450}.Debug|x64.ActiveCfg = Debug|x64
		{611CBB77-1F31-44E6-AADF-13FDBEF6A450}.Debug|x64.Build.0 = Debug|x64
		{611CBB77-1F31-44E6-AADF-13FDBEF6A450}.Debug|x86.ActiveCfg = Debug|Win32
		{611CBB77-1F31-44E6-AADF-13FDBEF6A450}.Debug|x86.Build.0 = Debug|Win32
		{611CBB77-1F31-44E6-AADF-13FDBEF6A450}.Release|x64.ActiveCfg = Release|x64
		{611CBB77-1F31-44E6-AADF-13FDBEF6A450}.Release|x64.Build.0 = Release|x64
		{611CBB77-1F31-44E6-AADF-13FDBEF6A450}.Release|x86.ActiveCfg = Release|Win32
		{611CBB77-1F31-44E6-AADF-13FDBEF6A450}.Release|x86.Build.0 = Release|Win32
	EndGlobalSection
	GlobalSection(SolutionProperties) = preSolution
		HideSolutionNode = FALSE
	EndGlobalSection
	GlobalSection(ExtensibilityGlobals) = postSolution
		SolutionGuid = {E3CD32F6-E1AE-444C-BDC9-C6B11B058C27}
	EndGlobalSection
EndGlobal
